
Microsoft Visual Studio Solution File, Format Version 12.00
# Visual Studio Version 17
VisualStudioVersion = 17.2.32516.85
MinimumVisualStudioVersion = 10.0.40219.1
Project("{FAE04EC0-301F-11D3-BF4B-00C04F79EFBC}") = "GameStore", "GameStore\GameStore.csproj", "{8D06A58E-D09B-486C-9701-A9E974DF1DA5}"
EndProject
Global
	GlobalSection(SolutionConfigurationPlatforms) = preSolution
		Debug|Any CPU = Debug|Any CPU
		Release|Any CPU = Release|Any CPU
	EndGlobalSection
	GlobalSection(ProjectConfigurationPlatforms) = postSolution
		{8D06A58E-D09B-486C-9701-A9E974DF1DA5}.Debug|Any CPU.ActiveCfg = Debug|Any CPU
		{8D06A58E-D09B-486C-9701-A9E974DF1DA5}.Debug|Any CPU.Build.0 = Debug|Any CPU
		{8D06A58E-D09B-486C-9701-A9E974DF1DA5}.Release|Any CPU.ActiveCfg = Release|Any CPU
		{8D06A58E-D09B-486C-9701-A9E974DF1DA5}.Release|Any CPU.Build.0 = Release|Any CPU
	EndGlobalSection
	GlobalSection(SolutionProperties) = preSolution
		HideSolutionNode = FALSE
	EndGlobalSection
	GlobalSection(ExtensibilityGlobals) = postSolution
		SolutionGuid = {2171ECB0-6711-4C10-A91F-1DA5BEE37E93}
	EndGlobalSection
EndGlobal
